%{"certifi": {:hex, :certifi, "0.7.0", "861a57f3808f7eb0c2d1802afeaae0fa5de813b0df0979153cbafcd853ababaf", [:rebar3], []},
  "connection": {:hex, :connection, "1.0.4", "a1cae72211f0eef17705aaededacac3eb30e6625b04a6117c1b2db6ace7d5976", [:mix], []},
  "extwitter": {:hex, :extwitter, "0.8.0", "1de29ba0b75c9cdbbbb936302ebfae2635ab42b6530a404c0e24f7acfe062fc1", [:mix], [{:oauther, "~> 1.1", [hex: :oauther, optional: false]}, {:poison, "~> 2.0", [hex: :poison, optional: false]}]},
  "fast_xml": {:hex, :fast_xml, "1.1.19", "7400b1c879941a52a62b97a370419ed7a1d448356bad000d5a80cda3f0b8a60d", [:rebar3], [{:p1_utils, "1.0.6", [hex: :p1_utils, optional: false]}]},
  "hackney": {:hex, :hackney, "1.6.5", "8c025ee397ac94a184b0743c73b33b96465e85f90a02e210e86df6cbafaa5065", [:rebar3], [{:certifi, "0.7.0", [hex: :certifi, optional: false]}, {:idna, "1.2.0", [hex: :idna, optional: false]}, {:metrics, "1.0.1", [hex: :metrics, optional: false]}, {:mimerl, "1.0.2", [hex: :mimerl, optional: false]}, {:ssl_verify_fun, "1.1.1", [hex: :ssl_verify_fun, optional: false]}]},
  "hedwig": {:hex, :hedwig, "1.0.0", "effbb160b9b270cb62ac1b2d6041b4ac731a21b0fc048dd2c35840245fdc0f22", [:mix], []},
  "hedwig_xmpp": {:hex, :hedwig_xmpp, "1.0.0", "e80be354d383225b64d7b81620f079715a95923b1fd6c70bf9b9ddb06d036462", [:mix], [{:hedwig, "~> 1.0", [hex: :hedwig, optional: false]}, {:romeo, "~> 0.7", [hex: :romeo, optional: false]}]},
  "idna": {:hex, :idna, "1.2.0", "ac62ee99da068f43c50dc69acf700e03a62a348360126260e87f2b54eced86b2", [:rebar3], []},
  "maxwell": {:hex, :maxwell, "2.1.0", "d87621db466c23e0e0be8295535fc0fa955b1cdfeddf496d22fc448a835010b9", [:mix], [{:hackney, "~> 1.6", [hex: :hackney, optional: true]}, {:ibrowse, "~> 4.2", [hex: :ibrowse, optional: true]}, {:mimerl, "~> 1.0.2", [hex: :mimerl, optional: false]}, {:poison, "~> 2.1", [hex: :poison, optional: true]}]},
  "meck": {:hex, :meck, "0.8.4", "59ca1cd971372aa223138efcf9b29475bde299e1953046a0c727184790ab1520", [:make, :rebar], []},
  "metrics": {:hex, :metrics, "1.0.1", "25f094dea2cda98213cecc3aeff09e940299d950904393b2a29d191c346a8486", [:rebar3], []},
  "mimerl": {:hex, :mimerl, "1.0.2", "993f9b0e084083405ed8252b99460c4f0563e41729ab42d9074fd5e52439be88", [:rebar3], []},
  "mock": {:hex, :mock, "0.2.1", "bfdba786903e77f9c18772dee472d020ceb8ef000783e737725a4c8f54ad28ec", [:mix], [{:meck, "~> 0.8.2", [hex: :meck, optional: false]}]},
  "oauther": {:hex, :oauther, "1.1.0", "c9a56e200507ce64e069f5273143db0cddd7904cd5d1fe46920388a48f22441b", [:mix], []},
  "p1_utils": {:hex, :p1_utils, "1.0.6", "ef0951ddf38e92b7e479af4b8dc950df76af8c1030432ef68b7fd7ad17c436fe", [:rebar3], []},
  "poison": {:hex, :poison, "2.2.0", "4763b69a8a77bd77d26f477d196428b741261a761257ff1cf92753a0d4d24a63", [:mix], []},
  "porcelain": {:hex, :porcelain, "2.0.3", "2d77b17d1f21fed875b8c5ecba72a01533db2013bd2e5e62c6d286c029150fdc", [:mix], []},
  "romeo": {:hex, :romeo, "0.7.0", "17e46830e49eff4d70e59147e808cd3f5f79912bb90a006afe5a8bb4355c29b3", [:mix], [{:connection, "~> 1.0", [hex: :connection, optional: false]}, {:fast_xml, "~> 1.1", [hex: :fast_xml, optional: false]}]},
  "ssl_verify_fun": {:hex, :ssl_verify_fun, "1.1.1", "28a4d65b7f59893bc2c7de786dec1e1555bd742d336043fe644ae956c3497fbe", [:make, :rebar], []}}
